
Microsoft Visual Studio Solution File, Format Version 12.00
# Visual Studio Version 16
VisualStudioVersion = 16.0.29411.108
MinimumVisualStudioVersion = 10.0.40219.1
Project("{FAE04EC0-301F-11D3-BF4B-00C04F79EFBC}") = "IdentityForum", "IdentityForum\IdentityForum.csproj", "{1E5D2971-BDAC-4570-9780-5E7DEF306023}"
EndProject
Global
	GlobalSection(SolutionConfigurationPlatforms) = preSolution
		Debug|Any CPU = Debug|Any CPU
		Release|Any CPU = Release|Any CPU
	EndGlobalSection
	GlobalSection(ProjectConfigurationPlatforms) = postSolution
		{1E5D2971-BDAC-4570-9780-5E7DEF306023}.Debug|Any CPU.ActiveCfg = Debug|Any CPU
		{1E5D2971-BDAC-4570-9780-5E7DEF306023}.Debug|Any CPU.Build.0 = Debug|Any CPU
		{1E5D2971-BDAC-4570-9780-5E7DEF306023}.Release|Any CPU.ActiveCfg = Release|Any CPU
		{1E5D2971-BDAC-4570-9780-5E7DEF306023}.Release|Any CPU.Build.0 = Release|Any CPU
	EndGlobalSection
	GlobalSection(SolutionProperties) = preSolution
		HideSolutionNode = FALSE
	EndGlobalSection
	GlobalSection(ExtensibilityGlobals) = postSolution
		SolutionGuid = {19FB05C8-651F-4C1C-B82E-3A6C6421EC87}
	EndGlobalSection
EndGlobal
